
Microsoft Visual Studio Solution File, Format Version 12.00
# Visual Studio Version 16
VisualStudioVersion = 16.0.34031.81
MinimumVisualStudioVersion = 10.0.40219.1
Project("{FAE04EC0-301F-11D3-BF4B-00C04F79EFBC}") = "WebQLNS", "WebQLNS\WebQLNS.csproj", "{55446B0B-D9C1-4015-8E8D-463A48AAB8DB}"
EndProject
Global
	GlobalSection(SolutionConfigurationPlatforms) = preSolution
		Debug|Any CPU = Debug|Any CPU
		Release|Any CPU = Release|Any CPU
	EndGlobalSection
	GlobalSection(ProjectConfigurationPlatforms) = postSolution
		{55446B0B-D9C1-4015-8E8D-463A48AAB8DB}.Debug|Any CPU.ActiveCfg = Debug|Any CPU
		{55446B0B-D9C1-4015-8E8D-463A48AAB8DB}.Debug|Any CPU.Build.0 = Debug|Any CPU
		{55446B0B-D9C1-4015-8E8D-463A48AAB8DB}.Release|Any CPU.ActiveCfg = Release|Any CPU
		{55446B0B-D9C1-4015-8E8D-463A48AAB8DB}.Release|Any CPU.Build.0 = Release|Any CPU
	EndGlobalSection
	GlobalSection(SolutionProperties) = preSolution
		HideSolutionNode = FALSE
	EndGlobalSection
	GlobalSection(ExtensibilityGlobals) = postSolution
		SolutionGuid = {CFFEE0D7-ACD6-464F-8C08-4A75398BB355}
	EndGlobalSection
EndGlobal
